{
  "object": {
    "pins": [
      {
        "package": "KKBOXOpenAPISwift",
        "repositoryURL": "https://github.com/KKBOX/OpenAPI-Swift",
        "state": {
          "branch": null,
          "revision": "058dd6c358de9ffe1b978eaf4c56e31104267b78",
          "version": "1.1.2"
        }
      }
    ]
  },
  "version": 1
}
